<?xml version="1.0" encoding="utf-8"?>
<Project ToolsVersion="4.0" xmlns="http://schemas.microsoft.com/developer/msbuild/2003">
  <ItemGroup>
    <Filter Include="Source Files">
      <UniqueIdentifier>{4FC737F1-C7A5-4376-A066-2A32D752A2FF}</UniqueIdentifier>
      <Extensions>cpp;c;cc;cxx;def;odl;idl;hpj;bat;asm;asmx</Extensions>
    </Filter>
    <Filter Include="Header Files">
      <UniqueIdentifier>{93995380-89BD-4b04-88EB-625FBE52EBFB}</UniqueIdentifier>
      <Extensions>h;hh;hpp;hxx;hm;inl;inc;xsd</Extensions>
    </Filter>
    <Filter Include="Resource Files">
      <UniqueIdentifier>{67DA6AB6-F800-4c08-8B7A-83BB121AAD01}</UniqueIdentifier>
      <Extensions>rc;ico;cur;bmp;dlg;rc2;rct;bin;rgs;gif;jpg;jpeg;jpe;resx;tiff;tif;png;wav;mfcribbon-ms</Extensions>
    </Filter>
  </ItemGroup>
  <ItemGroup>
    <ClCompile Include="ChooseDeck1.cpp">
      <Filter>Source Files</Filter>
    </ClCompile>
    <ClCompile Include="stdafx.cpp">
      <Filter>Source Files</Filter>
    </ClCompile>
    <ClCompile Include="ChooseDeck2.cpp">
      <Filter>Source Files</Filter>
    </ClCompile>
    <ClCompile Include="Game.cpp">
      <Filter>Source Files</Filter>
    </ClCompile>
    <ClCompile Include="Instructions.cpp">
      <Filter>Source Files</Filter>
    </ClCompile>
    <ClCompile Include="main.cpp">
      <Filter>Source Files</Filter>
    </ClCompile>
    <ClCompile Include="MainMenu.cpp">
      <Filter>Source Files</Filter>
    </ClCompile>
    <ClCompile Include="SplashScreen.cpp">
      <Filter>Source Files</Filter>
    </ClCompile>
  </ItemGroup>
  <ItemGroup>
    <ClInclude Include="SplashScreen.h">
      <Filter>Header Files</Filter>
    </ClInclude>
    <ClInclude Include="Game.h">
      <Filter>Header Files</Filter>
    </ClInclude>
    <ClInclude Include="MainMenu.h">
      <Filter>Header Files</Filter>
    </ClInclude>
    <ClInclude Include="stdafx.h">
      <Filter>Header Files</Filter>
    </ClInclude>
    <ClInclude Include="ChooseDeck2.h">
      <Filter>Header Files</Filter>
    </ClInclude>
    <ClInclude Include="ChooseDeck1.h">
      <Filter>Header Files</Filter>
    </ClInclude>
    <ClInclude Include="Instructions.h">
      <Filter>Header Files</Filter>
    </ClInclude>
    <ClInclude Include="ResourcePath.h">
      <Filter>Header Files</Filter>
    </ClInclude>
  </ItemGroup>
  <ItemGroup>
    <Image Include="Splashscreen.png">
      <Filter>Resource Files</Filter>
    </Image>
    <Image Include="bg.jpg">
      <Filter>Resource Files</Filter>
    </Image>
    <Image Include="black.png">
      <Filter>Resource Files</Filter>
    </Image>
    <Image Include="cardc.png">
      <Filter>Resource Files</Filter>
    </Image>
    <Image Include="carrot.png">
      <Filter>Resource Files</Filter>
    </Image>
    <Image Include="cute_image.jpg">
      <Filter>Resource Files</Filter>
    </Image>
    <Image Include="farm.jpg">
      <Filter>Resource Files</Filter>
    </Image>
    <Image Include="icon.png">
      <Filter>Resource Files</Filter>
    </Image>
    <Image Include="mm.png">
      <Filter>Resource Files</Filter>
    </Image>
    <Image Include="play.jpg">
      <Filter>Resource Files</Filter>
    </Image>
  </ItemGroup>
  <ItemGroup>
    <None Include="gui-Info.plist" />
    <None Include="nice_music.ogg" />
    <None Include="ResourcePath.mm" />
  </ItemGroup>
  <ItemGroup>
    <Font Include="sansation.ttf" />
  </ItemGroup>
</Project>